<Solution>
  <Project Path="DynamicsActivities.DomDefinitions/DynamicsActivities.DomDefinitions.csproj" />
  <Project Path="DynamicsActivitiesPackage/DynamicsActivitiesPackage.csproj" />
  <Project Path="DynamicsActivities_ManageSubscriptions/DynamicsActivities_ManageSubscriptions.csproj" />
  <Project Path="DynamicsActivities_NotifySubscribers/DynamicsActivities_NotifySubscribers.csproj" />
</Solution>
